{
    "_readme": [
        "This file locks the dependencies of your project to a known state",
        "Read more about it at https://getcomposer.org/doc/01-basic-usage.md#installing-dependencies",
        "This file is @generated automatically"
    ],
    "content-hash": "20f8fba2b9b343af4207d86b14fb9a55",
    "packages": [
        {
            "name": "mlocati/idna",
            "version": "1.1.2",
            "source": {
                "type": "git",
                "url": "https://github.com/mlocati/idna.git",
                "reference": "6ae05443a4204e3dfb497109d94f85be453f4af5"
            },
            "dist": {
                "type": "zip",
                "url": "https://api.github.com/repos/mlocati/idna/zipball/6ae05443a4204e3dfb497109d94f85be453f4af5",
                "reference": "6ae05443a4204e3dfb497109d94f85be453f4af5",
                "shasum": ""
            },
            "require": {
                "php": ">=5.3"
            },
            "require-dev": {
                "phpunit/phpunit": "^4.8 || ^5.7 || ^6.5 || ^7.5 || ^8.5 || ^9.6 || ^10"
            },
            "bin": [
                "bin/create-idnamap"
            ],
            "type": "library",
            "autoload": {
                "psr-4": {
                    "MLocati\\IDNA\\": "src/"
                }
            },
            "notification-url": "https://packagist.org/downloads/",
            "license": [
                "MIT"
            ],
            "authors": [
                {
                    "name": "Michele Locati",
                    "email": "mlocati@gmail.com",
                    "role": "Developer"
                }
            ],
            "description": "Library for International Domain Names (IDNA) 2008",
            "homepage": "https://github.com/mlocati/idna",
            "keywords": [
                "ansi",
                "ascii",
                "domain",
                "domain name",
                "domain names",
                "domains",
                "i18n",
                "idn",
                "idna",
                "idna2003",
                "idna2008",
                "international",
                "international domain",
                "international domain name",
                "international domain names",
                "international domains",
                "international name",
                "international names",
                "internationalization",
                "internationalized",
                "internationalized domain",
                "internationalized domain name",
                "internationalized domain names",
                "internationalized domains",
                "internationalized name",
                "internationalized names",
                "l10n",
                "name",
                "names",
                "punycode",
                "unicode"
            ],
            "support": {
                "issues": "https://github.com/mlocati/idna/issues",
                "source": "https://github.com/mlocati/idna"
            },
            "funding": [
                {
                    "url": "https://paypal.me/mlocati",
                    "type": "custom"
                },
                {
                    "url": "https://github.com/mlocati",
                    "type": "github"
                }
            ],
            "time": "2023-04-04T16:14:10+00:00"
        },
        {
            "name": "mlocati/ip-lib",
            "version": "1.18.0",
            "source": {
                "type": "git",
                "url": "https://github.com/mlocati/ip-lib.git",
                "reference": "c77bd0b1f3e3956c7e9661e75cb1f54ed67d95d2"
            },
            "dist": {
                "type": "zip",
                "url": "https://api.github.com/repos/mlocati/ip-lib/zipball/c77bd0b1f3e3956c7e9661e75cb1f54ed67d95d2",
                "reference": "c77bd0b1f3e3956c7e9661e75cb1f54ed67d95d2",
                "shasum": ""
            },
            "require": {
                "php": ">=5.3.3"
            },
            "require-dev": {
                "ext-pdo_sqlite": "*",
                "phpunit/phpunit": "^4.8 || ^5.7 || ^6.5 || ^7.5 || ^8.5 || ^9.5"
            },
            "type": "library",
            "autoload": {
                "psr-4": {
                    "IPLib\\": "src/"
                }
            },
            "notification-url": "https://packagist.org/downloads/",
            "license": [
                "MIT"
            ],
            "authors": [
                {
                    "name": "Michele Locati",
                    "email": "mlocati@gmail.com",
                    "homepage": "https://github.com/mlocati",
                    "role": "Author"
                }
            ],
            "description": "Handle IPv4, IPv6 addresses and ranges",
            "homepage": "https://github.com/mlocati/ip-lib",
            "keywords": [
                "IP",
                "address",
                "addresses",
                "ipv4",
                "ipv6",
                "manage",
                "managing",
                "matching",
                "network",
                "networking",
                "range",
                "subnet"
            ],
            "support": {
                "issues": "https://github.com/mlocati/ip-lib/issues",
                "source": "https://github.com/mlocati/ip-lib/tree/1.18.0"
            },
            "funding": [
                {
                    "url": "https://github.com/sponsors/mlocati",
                    "type": "github"
                },
                {
                    "url": "https://paypal.me/mlocati",
                    "type": "other"
                }
            ],
            "time": "2022-01-13T18:05:33+00:00"
        },
        {
            "name": "mlocati/spf-lib",
            "version": "3.1.2",
            "source": {
                "type": "git",
                "url": "https://github.com/mlocati/spf-lib.git",
                "reference": "8a4e52bf1c9d60ba9773a590ddc416f145c4fc57"
            },
            "dist": {
                "type": "zip",
                "url": "https://api.github.com/repos/mlocati/spf-lib/zipball/8a4e52bf1c9d60ba9773a590ddc416f145c4fc57",
                "reference": "8a4e52bf1c9d60ba9773a590ddc416f145c4fc57",
                "shasum": ""
            },
            "require": {
                "mlocati/idna": "^1",
                "mlocati/ip-lib": "^1.11",
                "php": ">=7.1.0"
            },
            "require-dev": {
                "friendsofphp/php-cs-fixer": "^2.16",
                "phpunit/phpunit": "^7.5 || ^8.5 || ^9.4",
                "symfony/yaml": "^4.4 || ^5.1"
            },
            "type": "library",
            "autoload": {
                "psr-4": {
                    "SPFLib\\": "src/"
                }
            },
            "notification-url": "https://packagist.org/downloads/",
            "license": [
                "MIT"
            ],
            "authors": [
                {
                    "name": "Michele Locati",
                    "email": "michele@locati.com",
                    "homepage": "https://mlocati.github.io",
                    "role": "author"
                }
            ],
            "description": "Parse, build and validate SPF (Sender Policy Framework) DNS records",
            "homepage": "https://github.com/mlocati/spf-lib",
            "keywords": [
                "MX",
                "Sender Policy Framework",
                "dns",
                "email",
                "mail",
                "smtp",
                "spf"
            ],
            "support": {
                "issues": "https://github.com/mlocati/spf-lib/issues",
                "source": "https://github.com/mlocati/spf-lib"
            },
            "funding": [
                {
                    "url": "https://github.com/sponsors/mlocati",
                    "type": "github"
                },
                {
                    "url": "https://paypal.me/mlocati",
                    "type": "other"
                }
            ],
            "time": "2022-09-09T09:05:31+00:00"
        }
    ],
    "packages-dev": [],
    "aliases": [],
    "minimum-stability": "stable",
    "stability-flags": [],
    "prefer-stable": false,
    "prefer-lowest": false,
    "platform": [],
    "platform-dev": [],
    "plugin-api-version": "2.6.0"
}
